
Microsoft Visual Studio Solution File, Format Version 12.00
# Visual Studio 2017
Project("{FAE04EC0-301F-11D3-BF4B-00C04F79EFBC}") = "PlataformaSon", "PlataformaSon.csproj", "{B2063F45-7745-0C3B-AF49-A2F2AFB865C4}"
EndProject
Global
	GlobalSection(SolutionConfigurationPlatforms) = preSolution
		Debug|Any CPU = Debug|Any CPU
		Release|Any CPU = Release|Any CPU
	EndGlobalSection
	GlobalSection(ProjectConfigurationPlatforms) = postSolution
		{B2063F45-7745-0C3B-AF49-A2F2AFB865C4}.Debug|Any CPU.ActiveCfg = Debug|Any CPU
		{B2063F45-7745-0C3B-AF49-A2F2AFB865C4}.Debug|Any CPU.Build.0 = Debug|Any CPU
		{B2063F45-7745-0C3B-AF49-A2F2AFB865C4}.Release|Any CPU.ActiveCfg = Release|Any CPU
		{B2063F45-7745-0C3B-AF49-A2F2AFB865C4}.Release|Any CPU.Build.0 = Release|Any CPU
	EndGlobalSection
	GlobalSection(SolutionProperties) = preSolution
		HideSolutionNode = FALSE
	EndGlobalSection
EndGlobal
